
Microsoft Visual Studio Solution File, Format Version 12.00
# Visual Studio Version 16
VisualStudioVersion = 16.0.31410.357
MinimumVisualStudioVersion = 10.0.40219.1
Project("{FAE04EC0-301F-11D3-BF4B-00C04F79EFBC}") = "SubstitutionCipher", "SubstitutionCipher\SubstitutionCipher.csproj", "{5398D677-4E95-4AD7-8C38-B17B2F92CF4E}"
EndProject
Global
	GlobalSection(SolutionConfigurationPlatforms) = preSolution
		Debug|Any CPU = Debug|Any CPU
		Release|Any CPU = Release|Any CPU
	EndGlobalSection
	GlobalSection(ProjectConfigurationPlatforms) = postSolution
		{5398D677-4E95-4AD7-8C38-B17B2F92CF4E}.Debug|Any CPU.ActiveCfg = Debug|Any CPU
		{5398D677-4E95-4AD7-8C38-B17B2F92CF4E}.Debug|Any CPU.Build.0 = Debug|Any CPU
		{5398D677-4E95-4AD7-8C38-B17B2F92CF4E}.Release|Any CPU.ActiveCfg = Release|Any CPU
		{5398D677-4E95-4AD7-8C38-B17B2F92CF4E}.Release|Any CPU.Build.0 = Release|Any CPU
	EndGlobalSection
	GlobalSection(SolutionProperties) = preSolution
		HideSolutionNode = FALSE
	EndGlobalSection
	GlobalSection(ExtensibilityGlobals) = postSolution
		SolutionGuid = {C824B604-0053-418F-A5F3-7C126BEB8B4C}
	EndGlobalSection
EndGlobal
